
Microsoft Visual Studio Solution File, Format Version 12.00
# Visual Studio 2012
Project("{FAE04EC0-301F-11D3-BF4B-00C04F79EFBC}") = "BagWeep00", "BagWeep00\BagWeep00.csproj", "{FCA9DB94-375F-41E7-8425-8566AC1485F7}"
EndProject
Project("{FAE04EC0-301F-11D3-BF4B-00C04F79EFBC}") = "BagWeep00.iOS", "iOS\BagWeep00.iOS.csproj", "{7B62C22A-6583-4CED-B568-A13F1D3AC44E}"
EndProject
Project("{FAE04EC0-301F-11D3-BF4B-00C04F79EFBC}") = "BagWeep00.Droid", "Droid\BagWeep00.Droid.csproj", "{A1B58718-0585-4AEA-B2BC-5777F39FA504}"
EndProject
Project("{FAE04EC0-301F-11D3-BF4B-00C04F79EFBC}") = "BagWeep00.UITests", "UITests\BagWeep00.UITests.csproj", "{EC20DD8B-9937-4FA5-8F30-9973AB4FDEC8}"
EndProject
Global
	GlobalSection(SolutionConfigurationPlatforms) = preSolution
		Debug|Any CPU = Debug|Any CPU
		Release|Any CPU = Release|Any CPU
		Debug|iPhoneSimulator = Debug|iPhoneSimulator
		Release|iPhone = Release|iPhone
		Release|iPhoneSimulator = Release|iPhoneSimulator
		Debug|iPhone = Debug|iPhone
	EndGlobalSection
	GlobalSection(ProjectConfigurationPlatforms) = postSolution
		{7B62C22A-6583-4CED-B568-A13F1D3AC44E}.Debug|Any CPU.ActiveCfg = Debug|iPhoneSimulator
		{7B62C22A-6583-4CED-B568-A13F1D3AC44E}.Debug|Any CPU.Build.0 = Debug|iPhoneSimulator
		{7B62C22A-6583-4CED-B568-A13F1D3AC44E}.Debug|iPhone.ActiveCfg = Debug|iPhone
		{7B62C22A-6583-4CED-B568-A13F1D3AC44E}.Debug|iPhone.Build.0 = Debug|iPhone
		{7B62C22A-6583-4CED-B568-A13F1D3AC44E}.Debug|iPhoneSimulator.ActiveCfg = Debug|iPhoneSimulator
		{7B62C22A-6583-4CED-B568-A13F1D3AC44E}.Debug|iPhoneSimulator.Build.0 = Debug|iPhoneSimulator
		{7B62C22A-6583-4CED-B568-A13F1D3AC44E}.Release|Any CPU.ActiveCfg = Release|iPhone
		{7B62C22A-6583-4CED-B568-A13F1D3AC44E}.Release|Any CPU.Build.0 = Release|iPhone
		{7B62C22A-6583-4CED-B568-A13F1D3AC44E}.Release|iPhone.ActiveCfg = Release|iPhone
		{7B62C22A-6583-4CED-B568-A13F1D3AC44E}.Release|iPhone.Build.0 = Release|iPhone
		{7B62C22A-6583-4CED-B568-A13F1D3AC44E}.Release|iPhoneSimulator.ActiveCfg = Release|iPhoneSimulator
		{7B62C22A-6583-4CED-B568-A13F1D3AC44E}.Release|iPhoneSimulator.Build.0 = Release|iPhoneSimulator
		{A1B58718-0585-4AEA-B2BC-5777F39FA504}.Debug|Any CPU.ActiveCfg = Debug|Any CPU
		{A1B58718-0585-4AEA-B2BC-5777F39FA504}.Debug|Any CPU.Build.0 = Debug|Any CPU
		{A1B58718-0585-4AEA-B2BC-5777F39FA504}.Debug|iPhone.ActiveCfg = Debug|Any CPU
		{A1B58718-0585-4AEA-B2BC-5777F39FA504}.Debug|iPhone.Build.0 = Debug|Any CPU
		{A1B58718-0585-4AEA-B2BC-5777F39FA504}.Debug|iPhoneSimulator.ActiveCfg = Debug|Any CPU
		{A1B58718-0585-4AEA-B2BC-5777F39FA504}.Debug|iPhoneSimulator.Build.0 = Debug|Any CPU
		{A1B58718-0585-4AEA-B2BC-5777F39FA504}.Release|Any CPU.ActiveCfg = Release|Any CPU
		{A1B58718-0585-4AEA-B2BC-5777F39FA504}.Release|Any CPU.Build.0 = Release|Any CPU
		{A1B58718-0585-4AEA-B2BC-5777F39FA504}.Release|iPhone.ActiveCfg = Release|Any CPU
		{A1B58718-0585-4AEA-B2BC-5777F39FA504}.Release|iPhone.Build.0 = Release|Any CPU
		{A1B58718-0585-4AEA-B2BC-5777F39FA504}.Release|iPhoneSimulator.ActiveCfg = Release|Any CPU
		{A1B58718-0585-4AEA-B2BC-5777F39FA504}.Release|iPhoneSimulator.Build.0 = Release|Any CPU
		{EC20DD8B-9937-4FA5-8F30-9973AB4FDEC8}.Debug|Any CPU.ActiveCfg = Debug|Any CPU
		{EC20DD8B-9937-4FA5-8F30-9973AB4FDEC8}.Debug|Any CPU.Build.0 = Debug|Any CPU
		{EC20DD8B-9937-4FA5-8F30-9973AB4FDEC8}.Debug|iPhone.ActiveCfg = Debug|Any CPU
		{EC20DD8B-9937-4FA5-8F30-9973AB4FDEC8}.Debug|iPhone.Build.0 = Debug|Any CPU
		{EC20DD8B-9937-4FA5-8F30-9973AB4FDEC8}.Debug|iPhoneSimulator.ActiveCfg = Debug|Any CPU
		{EC20DD8B-9937-4FA5-8F30-9973AB4FDEC8}.Debug|iPhoneSimulator.Build.0 = Debug|Any CPU
		{EC20DD8B-9937-4FA5-8F30-9973AB4FDEC8}.Release|Any CPU.ActiveCfg = Release|Any CPU
		{EC20DD8B-9937-4FA5-8F30-9973AB4FDEC8}.Release|Any CPU.Build.0 = Release|Any CPU
		{EC20DD8B-9937-4FA5-8F30-9973AB4FDEC8}.Release|iPhone.ActiveCfg = Release|Any CPU
		{EC20DD8B-9937-4FA5-8F30-9973AB4FDEC8}.Release|iPhone.Build.0 = Release|Any CPU
		{EC20DD8B-9937-4FA5-8F30-9973AB4FDEC8}.Release|iPhoneSimulator.ActiveCfg = Release|Any CPU
		{EC20DD8B-9937-4FA5-8F30-9973AB4FDEC8}.Release|iPhoneSimulator.Build.0 = Release|Any CPU
		{FCA9DB94-375F-41E7-8425-8566AC1485F7}.Debug|Any CPU.ActiveCfg = Debug|Any CPU
		{FCA9DB94-375F-41E7-8425-8566AC1485F7}.Debug|Any CPU.Build.0 = Debug|Any CPU
		{FCA9DB94-375F-41E7-8425-8566AC1485F7}.Debug|iPhone.ActiveCfg = Debug|Any CPU
		{FCA9DB94-375F-41E7-8425-8566AC1485F7}.Debug|iPhone.Build.0 = Debug|Any CPU
		{FCA9DB94-375F-41E7-8425-8566AC1485F7}.Debug|iPhoneSimulator.ActiveCfg = Debug|Any CPU
		{FCA9DB94-375F-41E7-8425-8566AC1485F7}.Debug|iPhoneSimulator.Build.0 = Debug|Any CPU
		{FCA9DB94-375F-41E7-8425-8566AC1485F7}.Release|Any CPU.ActiveCfg = Release|Any CPU
		{FCA9DB94-375F-41E7-8425-8566AC1485F7}.Release|Any CPU.Build.0 = Release|Any CPU
		{FCA9DB94-375F-41E7-8425-8566AC1485F7}.Release|iPhone.ActiveCfg = Release|Any CPU
		{FCA9DB94-375F-41E7-8425-8566AC1485F7}.Release|iPhone.Build.0 = Release|Any CPU
		{FCA9DB94-375F-41E7-8425-8566AC1485F7}.Release|iPhoneSimulator.ActiveCfg = Release|Any CPU
		{FCA9DB94-375F-41E7-8425-8566AC1485F7}.Release|iPhoneSimulator.Build.0 = Release|Any CPU
	EndGlobalSection
EndGlobal
